// !$*UTF8*$!
{
	archiveVersion = 1;
	classes = {
	};
	objectVersion = 77;
	objects = {

/* Begin PBXBuildFile section */
		014B4FEF231C4ECC8AB67954 /* AppSettings.swift in Sources */ = {isa = PBXBuildFile; fileRef = C2567DD24F7F2384CAFF09A9 /* AppSettings.swift */; };
		023CF6E9EF289FFEE6E773EC /* AudioCaptureServiceTests.swift in Sources */ = {isa = PBXBuildFile; fileRef = 9BB53C0854E518758D07FF2F /* AudioCaptureServiceTests.swift */; };
		03B762943B04FBA12F3D7CA4 /* MockSpeechRecognitionService.swift in Sources */ = {isa = PBXBuildFile; fileRef = 0950301454AEB49BA6A24954 /* MockSpeechRecognitionService.swift */; };
		049160B5A20797AA987C254E /* EscapeKeyMonitoring.swift in Sources */ = {isa = PBXBuildFile; fileRef = A6F0FB6B9CF216513A8BA139 /* EscapeKeyMonitoring.swift */; };
		052A16321B04F62C4A78FC99 /* RecognitionEvent.swift in Sources */ = {isa = PBXBuildFile; fileRef = 775A3E31ED46212C7EF9C5F4 /* RecognitionEvent.swift */; };
		063E89076BBF7ED9186ACF13 /* KuchibiError.swift in Sources */ = {isa = PBXBuildFile; fileRef = F210E248F410C33E8DD354BB /* KuchibiError.swift */; };
		07FA9937DBFA3DDE8787693A /* MockSpeechRecognitionAdapter.swift in Sources */ = {isa = PBXBuildFile; fileRef = 47983A578F918AFA52340AC4 /* MockSpeechRecognitionAdapter.swift */; };
		0B40562C1E761FAA2AD4CCAE /* OutputMode.swift in Sources */ = {isa = PBXBuildFile; fileRef = 3D61FB5D132074721A6308B6 /* OutputMode.swift */; };
		0D8FCFBAB02F67DF7EF606A6 /* HotKeyControlling.swift in Sources */ = {isa = PBXBuildFile; fileRef = 3B8E11116B0287E092ADCD9A /* HotKeyControlling.swift */; };
		11FE8E3B330EE2ACEAAF09E2 /* SessionState.swift in Sources */ = {isa = PBXBuildFile; fileRef = F6B7BEA988E0B1018B66C656 /* SessionState.swift */; };
		141BB489588E01D5C1BFDFDE /* OutputManagerTests.swift in Sources */ = {isa = PBXBuildFile; fileRef = C531F963B68CB7998DD9D1B9 /* OutputManagerTests.swift */; };
		16D4611CF276F56CEE8E9DFB /* Assets.xcassets in Resources */ = {isa = PBXBuildFile; fileRef = FF8FE46E01854FFBF430CB31 /* Assets.xcassets */; };
		20A34326CF4EAED63E7B300B /* TextPostprocessorTests.swift in Sources */ = {isa = PBXBuildFile; fileRef = 59B9735BE3B50AE3B84CBFD5 /* TextPostprocessorTests.swift */; };
		21E3191C5591D65D08DB2BA7 /* NotificationServicing.swift in Sources */ = {isa = PBXBuildFile; fileRef = E8FF8890BCFF032E69155777 /* NotificationServicing.swift */; };
		22C80ABB9E8DB2F7084CB805 /* MockAudioPreprocessor.swift in Sources */ = {isa = PBXBuildFile; fileRef = 1E578D16AEE9FBE092B0038A /* MockAudioPreprocessor.swift */; };
		251A054F13C009419A5D2CA4 /* EscapeKeyCancelIntegrationTests.swift in Sources */ = {isa = PBXBuildFile; fileRef = A5A61DEB75EC1C649EB1FF69 /* EscapeKeyCancelIntegrationTests.swift */; };
		2B35717DA6411E881447A3E8 /* SessionMonitoringService.swift in Sources */ = {isa = PBXBuildFile; fileRef = FFB235043E7580AFFA0E0FD9 /* SessionMonitoringService.swift */; };
		38D05F27F1E438EECA7E9594 /* SpeechRecognitionServiceTests.swift in Sources */ = {isa = PBXBuildFile; fileRef = B334D7BD062516AB599119D2 /* SpeechRecognitionServiceTests.swift */; };
		3D896B5A4244B1D4DCF1BFFC /* HotKey in Frameworks */ = {isa = PBXBuildFile; productRef = C51938C3B8E29F96DA379568 /* HotKey */; };
		3F60CDB02BB89D6F2D42CEDD /* OutputManaging.swift in Sources */ = {isa = PBXBuildFile; fileRef = 438FE5EE29F95ABC7530E1DC /* OutputManaging.swift */; };
		43C74C7D6753E45371D47173 /* WhisperModel.swift in Sources */ = {isa = PBXBuildFile; fileRef = B6A94F3ABDD676828FA56913 /* WhisperModel.swift */; };
		45E542E5E74D5814693904B6 /* AppSettingsTests.swift in Sources */ = {isa = PBXBuildFile; fileRef = BE4CB2755E46F8B48C02948F /* AppSettingsTests.swift */; };
		4A08E8F56B25D0EF716AB777 /* MockOutputManager.swift in Sources */ = {isa = PBXBuildFile; fileRef = 18F26478F8E01F0C16F321F2 /* MockOutputManager.swift */; };
		4FD8F7E55BDC20972BB6F969 /* MockSessionMonitoringService.swift in Sources */ = {isa = PBXBuildFile; fileRef = 622DC30131168B62E4329413 /* MockSessionMonitoringService.swift */; };
		4FF9A1D4F54FEFFAD14763D7 /* SessionMonitoringServiceTests.swift in Sources */ = {isa = PBXBuildFile; fileRef = 637E27FE3FD29E9185EDED16 /* SessionMonitoringServiceTests.swift */; };
		5708E099C54A9FB745CD2EC1 /* SessionMonitoring.swift in Sources */ = {isa = PBXBuildFile; fileRef = 73EC55D64C400DFB2B9E87F8 /* SessionMonitoring.swift */; };
		5BEDB9C4D624B47357FF4EFC /* SettingsAccess in Frameworks */ = {isa = PBXBuildFile; productRef = 3A3BDC62E8812110D2FE49BF /* SettingsAccess */; };
		5C526806294B2ECDC2492EFE /* WhisperModelTests.swift in Sources */ = {isa = PBXBuildFile; fileRef = 5D92FF9CC9A3BCB18F2B4E0D /* WhisperModelTests.swift */; };
		5DC1D1F518BAB6216592076F /* ClipboardServicing.swift in Sources */ = {isa = PBXBuildFile; fileRef = E66CB5F565073A98DF48CC2F /* ClipboardServicing.swift */; };
		5FEFC91E55EC69384E6CE020 /* HotKeyController.swift in Sources */ = {isa = PBXBuildFile; fileRef = 17091088C1A51563CE50547C /* HotKeyController.swift */; };
		69EBC15318A7A3C85C2AE1BE /* AudioPreprocessorTests.swift in Sources */ = {isa = PBXBuildFile; fileRef = 354653C713A6898397AA7813 /* AudioPreprocessorTests.swift */; };
		6B613ECC3D138813FE8565BE /* OutputManager.swift in Sources */ = {isa = PBXBuildFile; fileRef = AA5FC1EF0A9139A547DCE9E1 /* OutputManager.swift */; };
		723DB1904E5938F1E2B87FFD /* ModelsTests.swift in Sources */ = {isa = PBXBuildFile; fileRef = 42412DB8F6EC05A959ABE916 /* ModelsTests.swift */; };
		780CB8A2F76DD326232748E4 /* MockTextPostprocessor.swift in Sources */ = {isa = PBXBuildFile; fileRef = 1C5ED9C89542CB717C30A981 /* MockTextPostprocessor.swift */; };
		7A0C2A342BE0E488E3BEE230 /* MockEscapeKeyMonitor.swift in Sources */ = {isa = PBXBuildFile; fileRef = 611512C204C9D6714B06BD33 /* MockEscapeKeyMonitor.swift */; };
		7AE49779DA672DFD5251D9D2 /* TextPostprocessing.swift in Sources */ = {isa = PBXBuildFile; fileRef = E3EC3E47D72739ECF113A59C /* TextPostprocessing.swift */; };
		7B9604777D16087D296030AF /* AudioCaptureService.swift in Sources */ = {isa = PBXBuildFile; fileRef = C114CB5F1012E3C584AB09F4 /* AudioCaptureService.swift */; };
		7CC8122E6EDBD0BD5C5596DD /* AudioCapturing.swift in Sources */ = {isa = PBXBuildFile; fileRef = 7A53A1440803CD3EA276D791 /* AudioCapturing.swift */; };
		8A25A25F336AA98A1BF41B6E /* ClipboardService.swift in Sources */ = {isa = PBXBuildFile; fileRef = 02FBC7887C665F64BFF30939 /* ClipboardService.swift */; };
		90335A7F92C4230B3F1323F1 /* NotificationServiceTests.swift in Sources */ = {isa = PBXBuildFile; fileRef = E63E378A918F838B82ACE3FF /* NotificationServiceTests.swift */; };
		92E26B0CB7C93D07E3755726 /* AudioPreprocessing.swift in Sources */ = {isa = PBXBuildFile; fileRef = DCC3C51E299A787C548A0EFE /* AudioPreprocessing.swift */; };
		94A26725752116D062AB00CB /* WhisperKit in Frameworks */ = {isa = PBXBuildFile; productRef = 23C80BB8E405997E0DDCE7C4 /* WhisperKit */; };
		9A1361D1428C7264FAD5D65E /* MockAudioCaptureService.swift in Sources */ = {isa = PBXBuildFile; fileRef = F27A6934F52E8C5BC69591EA /* MockAudioCaptureService.swift */; };
		9A97EAB982046264987BEAA2 /* MockClipboardService.swift in Sources */ = {isa = PBXBuildFile; fileRef = 8B3061795806AC0CA836AAB7 /* MockClipboardService.swift */; };
		A25027BCDA52E9A234CCBA1D /* EscapeKeyMonitor.swift in Sources */ = {isa = PBXBuildFile; fileRef = 0AEAC1E923D2B0A6C98EF191 /* EscapeKeyMonitor.swift */; };
		A2C3BBB86FBA1CA25BBEE200 /* KuchibiApp.swift in Sources */ = {isa = PBXBuildFile; fileRef = C32DA2D991DEFB3190AA572F /* KuchibiApp.swift */; };
		A545B0010DBEB690DCB7E6E2 /* SessionManager.swift in Sources */ = {isa = PBXBuildFile; fileRef = 1BBF3BF9F624BDACFFBEE6B7 /* SessionManager.swift */; };
		B25A2B10C6906684172340BF /* SettingsView.swift in Sources */ = {isa = PBXBuildFile; fileRef = E6FA88E522113163387194FC /* SettingsView.swift */; };
		B2BB47965AB47338E4B64418 /* SpeechRecognitionAdapting.swift in Sources */ = {isa = PBXBuildFile; fileRef = 56BCDB6049097A08A9854F4D /* SpeechRecognitionAdapting.swift */; };
		B6B59DCFE1D7124F94B5EC3B /* FeedbackBarView.swift in Sources */ = {isa = PBXBuildFile; fileRef = 59F2C2477208487EC2512D63 /* FeedbackBarView.swift */; };
		BAAD6B03864F546F3E3367ED /* MockNotificationService.swift in Sources */ = {isa = PBXBuildFile; fileRef = AC030E08D9FB798B68FFADA4 /* MockNotificationService.swift */; };
		C45FEACCB46A4EA1576DD6BF /* NotificationService.swift in Sources */ = {isa = PBXBuildFile; fileRef = 98D0E0C1DB5386C565834D9A /* NotificationService.swift */; };
		C583092BF008DA651CDD6FC4 /* TextPostprocessor.swift in Sources */ = {isa = PBXBuildFile; fileRef = 73138B86E0637C5A5354239B /* TextPostprocessor.swift */; };
		D9C5F978AD02FB264AE19A31 /* SpeechRecognizing.swift in Sources */ = {isa = PBXBuildFile; fileRef = 5DEE9711076CD9BCFC277B74 /* SpeechRecognizing.swift */; };
		E14B97AA9E10BA2B27CBF008 /* SessionManagerTests.swift in Sources */ = {isa = PBXBuildFile; fileRef = 4DF746512D0786CC00E872E5 /* SessionManagerTests.swift */; };
		E90EEEEDA9C89B97C45DEFDE /* AudioPreprocessor.swift in Sources */ = {isa = PBXBuildFile; fileRef = D7E70850E8617B23FFBC6D25 /* AudioPreprocessor.swift */; };
		E95FEACC830651D7DF4009BC /* SpeechRecognitionService.swift in Sources */ = {isa = PBXBuildFile; fileRef = 20667E795903E13BE376BFB3 /* SpeechRecognitionService.swift */; };
		F2DFFDFA5D01526E0FD5FF59 /* FeedbackBarWindowControllerTests.swift in Sources */ = {isa = PBXBuildFile; fileRef = 0EDBA40BCFA4E3D0A6A04437 /* FeedbackBarWindowControllerTests.swift */; };
		F89BFA8C4AB507E9C1388AA6 /* WhisperKitAdapter.swift in Sources */ = {isa = PBXBuildFile; fileRef = 27506DF60E8AE1D221334763 /* WhisperKitAdapter.swift */; };
/* End PBXBuildFile section */

/* Begin PBXContainerItemProxy section */
		553A32D73912D97DA25749A0 /* PBXContainerItemProxy */ = {
			isa = PBXContainerItemProxy;
			containerPortal = 8CD8E5CD07533A0490F96182 /* Project object */;
			proxyType = 1;
			remoteGlobalIDString = 67D65CF044EDBDE78E4B5809;
			remoteInfo = Kuchibi;
		};
/* End PBXContainerItemProxy section */

/* Begin PBXFileReference section */
		02FBC7887C665F64BFF30939 /* ClipboardService.swift */ = {isa = PBXFileReference; lastKnownFileType = sourcecode.swift; path = ClipboardService.swift; sourceTree = "<group>"; };
		0950301454AEB49BA6A24954 /* MockSpeechRecognitionService.swift */ = {isa = PBXFileReference; lastKnownFileType = sourcecode.swift; path = MockSpeechRecognitionService.swift; sourceTree = "<group>"; };
		0AEAC1E923D2B0A6C98EF191 /* EscapeKeyMonitor.swift */ = {isa = PBXFileReference; lastKnownFileType = sourcecode.swift; path = EscapeKeyMonitor.swift; sourceTree = "<group>"; };
		0EDBA40BCFA4E3D0A6A04437 /* FeedbackBarWindowControllerTests.swift */ = {isa = PBXFileReference; lastKnownFileType = sourcecode.swift; path = FeedbackBarWindowControllerTests.swift; sourceTree = "<group>"; };
		17091088C1A51563CE50547C /* HotKeyController.swift */ = {isa = PBXFileReference; lastKnownFileType = sourcecode.swift; path = HotKeyController.swift; sourceTree = "<group>"; };
		18009A0EB4ACCBA03198413F /* Info.plist */ = {isa = PBXFileReference; lastKnownFileType = text.plist; path = Info.plist; sourceTree = "<group>"; };
		18F26478F8E01F0C16F321F2 /* MockOutputManager.swift */ = {isa = PBXFileReference; lastKnownFileType = sourcecode.swift; path = MockOutputManager.swift; sourceTree = "<group>"; };
		1BBF3BF9F624BDACFFBEE6B7 /* SessionManager.swift */ = {isa = PBXFileReference; lastKnownFileType = sourcecode.swift; path = SessionManager.swift; sourceTree = "<group>"; };
		1C5ED9C89542CB717C30A981 /* MockTextPostprocessor.swift */ = {isa = PBXFileReference; lastKnownFileType = sourcecode.swift; path = MockTextPostprocessor.swift; sourceTree = "<group>"; };
		1E578D16AEE9FBE092B0038A /* MockAudioPreprocessor.swift */ = {isa = PBXFileReference; lastKnownFileType = sourcecode.swift; path = MockAudioPreprocessor.swift; sourceTree = "<group>"; };
		20667E795903E13BE376BFB3 /* SpeechRecognitionService.swift */ = {isa = PBXFileReference; lastKnownFileType = sourcecode.swift; path = SpeechRecognitionService.swift; sourceTree = "<group>"; };
		27506DF60E8AE1D221334763 /* WhisperKitAdapter.swift */ = {isa = PBXFileReference; lastKnownFileType = sourcecode.swift; path = WhisperKitAdapter.swift; sourceTree = "<group>"; };
		354653C713A6898397AA7813 /* AudioPreprocessorTests.swift */ = {isa = PBXFileReference; lastKnownFileType = sourcecode.swift; path = AudioPreprocessorTests.swift; sourceTree = "<group>"; };
		3B8E11116B0287E092ADCD9A /* HotKeyControlling.swift */ = {isa = PBXFileReference; lastKnownFileType = sourcecode.swift; path = HotKeyControlling.swift; sourceTree = "<group>"; };
		3D61FB5D132074721A6308B6 /* OutputMode.swift */ = {isa = PBXFileReference; lastKnownFileType = sourcecode.swift; path = OutputMode.swift; sourceTree = "<group>"; };
		42412DB8F6EC05A959ABE916 /* ModelsTests.swift */ = {isa = PBXFileReference; lastKnownFileType = sourcecode.swift; path = ModelsTests.swift; sourceTree = "<group>"; };
		438FE5EE29F95ABC7530E1DC /* OutputManaging.swift */ = {isa = PBXFileReference; lastKnownFileType = sourcecode.swift; path = OutputManaging.swift; sourceTree = "<group>"; };
		47983A578F918AFA52340AC4 /* MockSpeechRecognitionAdapter.swift */ = {isa = PBXFileReference; lastKnownFileType = sourcecode.swift; path = MockSpeechRecognitionAdapter.swift; sourceTree = "<group>"; };
		4DF746512D0786CC00E872E5 /* SessionManagerTests.swift */ = {isa = PBXFileReference; lastKnownFileType = sourcecode.swift; path = SessionManagerTests.swift; sourceTree = "<group>"; };
		56BCDB6049097A08A9854F4D /* SpeechRecognitionAdapting.swift */ = {isa = PBXFileReference; lastKnownFileType = sourcecode.swift; path = SpeechRecognitionAdapting.swift; sourceTree = "<group>"; };
		59B9735BE3B50AE3B84CBFD5 /* TextPostprocessorTests.swift */ = {isa = PBXFileReference; lastKnownFileType = sourcecode.swift; path = TextPostprocessorTests.swift; sourceTree = "<group>"; };
		59F2C2477208487EC2512D63 /* FeedbackBarView.swift */ = {isa = PBXFileReference; lastKnownFileType = sourcecode.swift; path = FeedbackBarView.swift; sourceTree = "<group>"; };
		5D92FF9CC9A3BCB18F2B4E0D /* WhisperModelTests.swift */ = {isa = PBXFileReference; lastKnownFileType = sourcecode.swift; path = WhisperModelTests.swift; sourceTree = "<group>"; };
		5DEE9711076CD9BCFC277B74 /* SpeechRecognizing.swift */ = {isa = PBXFileReference; lastKnownFileType = sourcecode.swift; path = SpeechRecognizing.swift; sourceTree = "<group>"; };
		611512C204C9D6714B06BD33 /* MockEscapeKeyMonitor.swift */ = {isa = PBXFileReference; lastKnownFileType = sourcecode.swift; path = MockEscapeKeyMonitor.swift; sourceTree = "<group>"; };
		622DC30131168B62E4329413 /* MockSessionMonitoringService.swift */ = {isa = PBXFileReference; lastKnownFileType = sourcecode.swift; path = MockSessionMonitoringService.swift; sourceTree = "<group>"; };
		637E27FE3FD29E9185EDED16 /* SessionMonitoringServiceTests.swift */ = {isa = PBXFileReference; lastKnownFileType = sourcecode.swift; path = SessionMonitoringServiceTests.swift; sourceTree = "<group>"; };
		73138B86E0637C5A5354239B /* TextPostprocessor.swift */ = {isa = PBXFileReference; lastKnownFileType = sourcecode.swift; path = TextPostprocessor.swift; sourceTree = "<group>"; };
		73EC55D64C400DFB2B9E87F8 /* SessionMonitoring.swift */ = {isa = PBXFileReference; lastKnownFileType = sourcecode.swift; path = SessionMonitoring.swift; sourceTree = "<group>"; };
		775A3E31ED46212C7EF9C5F4 /* RecognitionEvent.swift */ = {isa = PBXFileReference; lastKnownFileType = sourcecode.swift; path = RecognitionEvent.swift; sourceTree = "<group>"; };
		7A53A1440803CD3EA276D791 /* AudioCapturing.swift */ = {isa = PBXFileReference; lastKnownFileType = sourcecode.swift; path = AudioCapturing.swift; sourceTree = "<group>"; };
		8B3061795806AC0CA836AAB7 /* MockClipboardService.swift */ = {isa = PBXFileReference; lastKnownFileType = sourcecode.swift; path = MockClipboardService.swift; sourceTree = "<group>"; };
		98D0E0C1DB5386C565834D9A /* NotificationService.swift */ = {isa = PBXFileReference; lastKnownFileType = sourcecode.swift; path = NotificationService.swift; sourceTree = "<group>"; };
		9BB53C0854E518758D07FF2F /* AudioCaptureServiceTests.swift */ = {isa = PBXFileReference; lastKnownFileType = sourcecode.swift; path = AudioCaptureServiceTests.swift; sourceTree = "<group>"; };
		A5A61DEB75EC1C649EB1FF69 /* EscapeKeyCancelIntegrationTests.swift */ = {isa = PBXFileReference; lastKnownFileType = sourcecode.swift; path = EscapeKeyCancelIntegrationTests.swift; sourceTree = "<group>"; };
		A6F0FB6B9CF216513A8BA139 /* EscapeKeyMonitoring.swift */ = {isa = PBXFileReference; lastKnownFileType = sourcecode.swift; path = EscapeKeyMonitoring.swift; sourceTree = "<group>"; };
		AA5FC1EF0A9139A547DCE9E1 /* OutputManager.swift */ = {isa = PBXFileReference; lastKnownFileType = sourcecode.swift; path = OutputManager.swift; sourceTree = "<group>"; };
		AC030E08D9FB798B68FFADA4 /* MockNotificationService.swift */ = {isa = PBXFileReference; lastKnownFileType = sourcecode.swift; path = MockNotificationService.swift; sourceTree = "<group>"; };
		B334D7BD062516AB599119D2 /* SpeechRecognitionServiceTests.swift */ = {isa = PBXFileReference; lastKnownFileType = sourcecode.swift; path = SpeechRecognitionServiceTests.swift; sourceTree = "<group>"; };
		B6A94F3ABDD676828FA56913 /* WhisperModel.swift */ = {isa = PBXFileReference; lastKnownFileType = sourcecode.swift; path = WhisperModel.swift; sourceTree = "<group>"; };
		BE4CB2755E46F8B48C02948F /* AppSettingsTests.swift */ = {isa = PBXFileReference; lastKnownFileType = sourcecode.swift; path = AppSettingsTests.swift; sourceTree = "<group>"; };
		C114CB5F1012E3C584AB09F4 /* AudioCaptureService.swift */ = {isa = PBXFileReference; lastKnownFileType = sourcecode.swift; path = AudioCaptureService.swift; sourceTree = "<group>"; };
		C2567DD24F7F2384CAFF09A9 /* AppSettings.swift */ = {isa = PBXFileReference; lastKnownFileType = sourcecode.swift; path = AppSettings.swift; sourceTree = "<group>"; };
		C32DA2D991DEFB3190AA572F /* KuchibiApp.swift */ = {isa = PBXFileReference; lastKnownFileType = sourcecode.swift; path = KuchibiApp.swift; sourceTree = "<group>"; };
		C531F963B68CB7998DD9D1B9 /* OutputManagerTests.swift */ = {isa = PBXFileReference; lastKnownFileType = sourcecode.swift; path = OutputManagerTests.swift; sourceTree = "<group>"; };
		C60BE26F4FD2896422DC6AD2 /* Kuchibi.app */ = {isa = PBXFileReference; explicitFileType = wrapper.application; includeInIndex = 0; path = Kuchibi.app; sourceTree = BUILT_PRODUCTS_DIR; };
		D7E70850E8617B23FFBC6D25 /* AudioPreprocessor.swift */ = {isa = PBXFileReference; lastKnownFileType = sourcecode.swift; path = AudioPreprocessor.swift; sourceTree = "<group>"; };
		DCC3C51E299A787C548A0EFE /* AudioPreprocessing.swift */ = {isa = PBXFileReference; lastKnownFileType = sourcecode.swift; path = AudioPreprocessing.swift; sourceTree = "<group>"; };
		E3EC3E47D72739ECF113A59C /* TextPostprocessing.swift */ = {isa = PBXFileReference; lastKnownFileType = sourcecode.swift; path = TextPostprocessing.swift; sourceTree = "<group>"; };
		E63E378A918F838B82ACE3FF /* NotificationServiceTests.swift */ = {isa = PBXFileReference; lastKnownFileType = sourcecode.swift; path = NotificationServiceTests.swift; sourceTree = "<group>"; };
		E66CB5F565073A98DF48CC2F /* ClipboardServicing.swift */ = {isa = PBXFileReference; lastKnownFileType = sourcecode.swift; path = ClipboardServicing.swift; sourceTree = "<group>"; };
		E6FA88E522113163387194FC /* SettingsView.swift */ = {isa = PBXFileReference; lastKnownFileType = sourcecode.swift; path = SettingsView.swift; sourceTree = "<group>"; };
		E8FF8890BCFF032E69155777 /* NotificationServicing.swift */ = {isa = PBXFileReference; lastKnownFileType = sourcecode.swift; path = NotificationServicing.swift; sourceTree = "<group>"; };
		F210E248F410C33E8DD354BB /* KuchibiError.swift */ = {isa = PBXFileReference; lastKnownFileType = sourcecode.swift; path = KuchibiError.swift; sourceTree = "<group>"; };
		F27A6934F52E8C5BC69591EA /* MockAudioCaptureService.swift */ = {isa = PBXFileReference; lastKnownFileType = sourcecode.swift; path = MockAudioCaptureService.swift; sourceTree = "<group>"; };
		F6B7BEA988E0B1018B66C656 /* SessionState.swift */ = {isa = PBXFileReference; lastKnownFileType = sourcecode.swift; path = SessionState.swift; sourceTree = "<group>"; };
		F6CAF48EF818CFA8942FA4D3 /* KuchibiTests.xctest */ = {isa = PBXFileReference; explicitFileType = wrapper.cfbundle; includeInIndex = 0; path = KuchibiTests.xctest; sourceTree = BUILT_PRODUCTS_DIR; };
		FF8FE46E01854FFBF430CB31 /* Assets.xcassets */ = {isa = PBXFileReference; lastKnownFileType = folder.assetcatalog; path = Assets.xcassets; sourceTree = "<group>"; };
		FFB235043E7580AFFA0E0FD9 /* SessionMonitoringService.swift */ = {isa = PBXFileReference; lastKnownFileType = sourcecode.swift; path = SessionMonitoringService.swift; sourceTree = "<group>"; };
/* End PBXFileReference section */

/* Begin PBXFrameworksBuildPhase section */
		A83575D7F074560A4041037E /* Frameworks */ = {
			isa = PBXFrameworksBuildPhase;
			buildActionMask = 2147483647;
			files = (
				3D896B5A4244B1D4DCF1BFFC /* HotKey in Frameworks */,
				94A26725752116D062AB00CB /* WhisperKit in Frameworks */,
				5BEDB9C4D624B47357FF4EFC /* SettingsAccess in Frameworks */,
			);
			runOnlyForDeploymentPostprocessing = 0;
		};
/* End PBXFrameworksBuildPhase section */

/* Begin PBXGroup section */
		148AAA59FCA0DEA8B51F64C8 /* Views */ = {
			isa = PBXGroup;
			children = (
				59F2C2477208487EC2512D63 /* FeedbackBarView.swift */,
				E6FA88E522113163387194FC /* SettingsView.swift */,
			);
			path = Views;
			sourceTree = "<group>";
		};
		1DFD8DD313CC3E4A020920FD /* Services */ = {
			isa = PBXGroup;
			children = (
				C2567DD24F7F2384CAFF09A9 /* AppSettings.swift */,
				C114CB5F1012E3C584AB09F4 /* AudioCaptureService.swift */,
				D7E70850E8617B23FFBC6D25 /* AudioPreprocessor.swift */,
				02FBC7887C665F64BFF30939 /* ClipboardService.swift */,
				0AEAC1E923D2B0A6C98EF191 /* EscapeKeyMonitor.swift */,
				17091088C1A51563CE50547C /* HotKeyController.swift */,
				98D0E0C1DB5386C565834D9A /* NotificationService.swift */,
				AA5FC1EF0A9139A547DCE9E1 /* OutputManager.swift */,
				1BBF3BF9F624BDACFFBEE6B7 /* SessionManager.swift */,
				FFB235043E7580AFFA0E0FD9 /* SessionMonitoringService.swift */,
				20667E795903E13BE376BFB3 /* SpeechRecognitionService.swift */,
				73138B86E0637C5A5354239B /* TextPostprocessor.swift */,
				27506DF60E8AE1D221334763 /* WhisperKitAdapter.swift */,
				BE095DFF5F74059A492E2554 /* Protocols */,
			);
			path = Services;
			sourceTree = "<group>";
		};
		4AF0D99FBFDCD83D4F3C842F /* Resources */ = {
			isa = PBXGroup;
			children = (
				FF8FE46E01854FFBF430CB31 /* Assets.xcassets */,
			);
			path = Resources;
			sourceTree = "<group>";
		};
		6B5EB7526EBAF30BD60CF7A7 /* Models */ = {
			isa = PBXGroup;
			children = (
				F210E248F410C33E8DD354BB /* KuchibiError.swift */,
				3D61FB5D132074721A6308B6 /* OutputMode.swift */,
				775A3E31ED46212C7EF9C5F4 /* RecognitionEvent.swift */,
				F6B7BEA988E0B1018B66C656 /* SessionState.swift */,
				B6A94F3ABDD676828FA56913 /* WhisperModel.swift */,
			);
			path = Models;
			sourceTree = "<group>";
		};
		6F1FEFD6F7CFA0A01FC6D6E8 /* Products */ = {
			isa = PBXGroup;
			children = (
				C60BE26F4FD2896422DC6AD2 /* Kuchibi.app */,
				F6CAF48EF818CFA8942FA4D3 /* KuchibiTests.xctest */,
			);
			name = Products;
			sourceTree = "<group>";
		};
		7052F76247CB62E8E362FB95 /* Sources */ = {
			isa = PBXGroup;
			children = (
				18009A0EB4ACCBA03198413F /* Info.plist */,
				C32DA2D991DEFB3190AA572F /* KuchibiApp.swift */,
				6B5EB7526EBAF30BD60CF7A7 /* Models */,
				4AF0D99FBFDCD83D4F3C842F /* Resources */,
				1DFD8DD313CC3E4A020920FD /* Services */,
				148AAA59FCA0DEA8B51F64C8 /* Views */,
			);
			path = Sources;
			sourceTree = "<group>";
		};
		9C53FD4D2BF3F79D268AC5ED = {
			isa = PBXGroup;
			children = (
				7052F76247CB62E8E362FB95 /* Sources */,
				AA5264FD43458EAF46C5C962 /* Tests */,
				6F1FEFD6F7CFA0A01FC6D6E8 /* Products */,
			);
			sourceTree = "<group>";
		};
		AA5264FD43458EAF46C5C962 /* Tests */ = {
			isa = PBXGroup;
			children = (
				BE4CB2755E46F8B48C02948F /* AppSettingsTests.swift */,
				9BB53C0854E518758D07FF2F /* AudioCaptureServiceTests.swift */,
				354653C713A6898397AA7813 /* AudioPreprocessorTests.swift */,
				A5A61DEB75EC1C649EB1FF69 /* EscapeKeyCancelIntegrationTests.swift */,
				0EDBA40BCFA4E3D0A6A04437 /* FeedbackBarWindowControllerTests.swift */,
				42412DB8F6EC05A959ABE916 /* ModelsTests.swift */,
				E63E378A918F838B82ACE3FF /* NotificationServiceTests.swift */,
				C531F963B68CB7998DD9D1B9 /* OutputManagerTests.swift */,
				4DF746512D0786CC00E872E5 /* SessionManagerTests.swift */,
				637E27FE3FD29E9185EDED16 /* SessionMonitoringServiceTests.swift */,
				B334D7BD062516AB599119D2 /* SpeechRecognitionServiceTests.swift */,
				59B9735BE3B50AE3B84CBFD5 /* TextPostprocessorTests.swift */,
				5D92FF9CC9A3BCB18F2B4E0D /* WhisperModelTests.swift */,
				C295405FCBB38D0A9B70EF68 /* Mocks */,
			);
			path = Tests;
			sourceTree = "<group>";
		};
		BE095DFF5F74059A492E2554 /* Protocols */ = {
			isa = PBXGroup;
			children = (
				7A53A1440803CD3EA276D791 /* AudioCapturing.swift */,
				DCC3C51E299A787C548A0EFE /* AudioPreprocessing.swift */,
				E66CB5F565073A98DF48CC2F /* ClipboardServicing.swift */,
				A6F0FB6B9CF216513A8BA139 /* EscapeKeyMonitoring.swift */,
				3B8E11116B0287E092ADCD9A /* HotKeyControlling.swift */,
				E8FF8890BCFF032E69155777 /* NotificationServicing.swift */,
				438FE5EE29F95ABC7530E1DC /* OutputManaging.swift */,
				73EC55D64C400DFB2B9E87F8 /* SessionMonitoring.swift */,
				56BCDB6049097A08A9854F4D /* SpeechRecognitionAdapting.swift */,
				5DEE9711076CD9BCFC277B74 /* SpeechRecognizing.swift */,
				E3EC3E47D72739ECF113A59C /* TextPostprocessing.swift */,
			);
			path = Protocols;
			sourceTree = "<group>";
		};
		C295405FCBB38D0A9B70EF68 /* Mocks */ = {
			isa = PBXGroup;
			children = (
				F27A6934F52E8C5BC69591EA /* MockAudioCaptureService.swift */,
				1E578D16AEE9FBE092B0038A /* MockAudioPreprocessor.swift */,
				8B3061795806AC0CA836AAB7 /* MockClipboardService.swift */,
				611512C204C9D6714B06BD33 /* MockEscapeKeyMonitor.swift */,
				AC030E08D9FB798B68FFADA4 /* MockNotificationService.swift */,
				18F26478F8E01F0C16F321F2 /* MockOutputManager.swift */,
				622DC30131168B62E4329413 /* MockSessionMonitoringService.swift */,
				47983A578F918AFA52340AC4 /* MockSpeechRecognitionAdapter.swift */,
				0950301454AEB49BA6A24954 /* MockSpeechRecognitionService.swift */,
				1C5ED9C89542CB717C30A981 /* MockTextPostprocessor.swift */,
			);
			path = Mocks;
			sourceTree = "<group>";
		};
/* End PBXGroup section */

/* Begin PBXNativeTarget section */
		67D65CF044EDBDE78E4B5809 /* Kuchibi */ = {
			isa = PBXNativeTarget;
			buildConfigurationList = 82D10357708499FF2EC5D4D6 /* Build configuration list for PBXNativeTarget "Kuchibi" */;
			buildPhases = (
				882DC4C4B0F6F2FD33C3ABFE /* Sources */,
				E6A01D3D0DD646C23A1442BC /* Resources */,
				A83575D7F074560A4041037E /* Frameworks */,
			);
			buildRules = (
			);
			dependencies = (
			);
			name = Kuchibi;
			packageProductDependencies = (
				C51938C3B8E29F96DA379568 /* HotKey */,
				23C80BB8E405997E0DDCE7C4 /* WhisperKit */,
				3A3BDC62E8812110D2FE49BF /* SettingsAccess */,
			);
			productName = Kuchibi;
			productReference = C60BE26F4FD2896422DC6AD2 /* Kuchibi.app */;
			productType = "com.apple.product-type.application";
		};
		77B1271A2689AED1C2D2E75A /* KuchibiTests */ = {
			isa = PBXNativeTarget;
			buildConfigurationList = FC62B00ED2638A21C0EF9544 /* Build configuration list for PBXNativeTarget "KuchibiTests" */;
			buildPhases = (
				B498A317F7F766D11A5A8159 /* Sources */,
			);
			buildRules = (
			);
			dependencies = (
				881492C2D3CB5DCA378AA1C7 /* PBXTargetDependency */,
			);
			name = KuchibiTests;
			packageProductDependencies = (
			);
			productName = KuchibiTests;
			productReference = F6CAF48EF818CFA8942FA4D3 /* KuchibiTests.xctest */;
			productType = "com.apple.product-type.bundle.unit-test";
		};
/* End PBXNativeTarget section */

/* Begin PBXProject section */
		8CD8E5CD07533A0490F96182 /* Project object */ = {
			isa = PBXProject;
			attributes = {
				BuildIndependentTargetsInParallel = YES;
				LastUpgradeCheck = 1430;
			};
			buildConfigurationList = 7746F260D2DE8D1F571B6C2B /* Build configuration list for PBXProject "Kuchibi" */;
			compatibilityVersion = "Xcode 14.0";
			developmentRegion = en;
			hasScannedForEncodings = 0;
			knownRegions = (
				Base,
				en,
			);
			mainGroup = 9C53FD4D2BF3F79D268AC5ED;
			minimizedProjectReferenceProxies = 1;
			packageReferences = (
				BEB727BF0A9FD067B3D4C160 /* XCRemoteSwiftPackageReference "HotKey" */,
				4D183F5E172D1CE1DCCC3B33 /* XCRemoteSwiftPackageReference "SettingsAccess" */,
				0AE32D4B25538CF295968335 /* XCRemoteSwiftPackageReference "WhisperKit" */,
			);
			preferredProjectObjectVersion = 77;
			projectDirPath = "";
			projectRoot = "";
			targets = (
				67D65CF044EDBDE78E4B5809 /* Kuchibi */,
				77B1271A2689AED1C2D2E75A /* KuchibiTests */,
			);
		};
/* End PBXProject section */

/* Begin PBXResourcesBuildPhase section */
		E6A01D3D0DD646C23A1442BC /* Resources */ = {
			isa = PBXResourcesBuildPhase;
			buildActionMask = 2147483647;
			files = (
				16D4611CF276F56CEE8E9DFB /* Assets.xcassets in Resources */,
			);
			runOnlyForDeploymentPostprocessing = 0;
		};
/* End PBXResourcesBuildPhase section */

/* Begin PBXSourcesBuildPhase section */
		882DC4C4B0F6F2FD33C3ABFE /* Sources */ = {
			isa = PBXSourcesBuildPhase;
			buildActionMask = 2147483647;
			files = (
				014B4FEF231C4ECC8AB67954 /* AppSettings.swift in Sources */,
				7B9604777D16087D296030AF /* AudioCaptureService.swift in Sources */,
				7CC8122E6EDBD0BD5C5596DD /* AudioCapturing.swift in Sources */,
				92E26B0CB7C93D07E3755726 /* AudioPreprocessing.swift in Sources */,
				E90EEEEDA9C89B97C45DEFDE /* AudioPreprocessor.swift in Sources */,
				8A25A25F336AA98A1BF41B6E /* ClipboardService.swift in Sources */,
				5DC1D1F518BAB6216592076F /* ClipboardServicing.swift in Sources */,
				A25027BCDA52E9A234CCBA1D /* EscapeKeyMonitor.swift in Sources */,
				049160B5A20797AA987C254E /* EscapeKeyMonitoring.swift in Sources */,
				B6B59DCFE1D7124F94B5EC3B /* FeedbackBarView.swift in Sources */,
				5FEFC91E55EC69384E6CE020 /* HotKeyController.swift in Sources */,
				0D8FCFBAB02F67DF7EF606A6 /* HotKeyControlling.swift in Sources */,
				A2C3BBB86FBA1CA25BBEE200 /* KuchibiApp.swift in Sources */,
				063E89076BBF7ED9186ACF13 /* KuchibiError.swift in Sources */,
				C45FEACCB46A4EA1576DD6BF /* NotificationService.swift in Sources */,
				21E3191C5591D65D08DB2BA7 /* NotificationServicing.swift in Sources */,
				6B613ECC3D138813FE8565BE /* OutputManager.swift in Sources */,
				3F60CDB02BB89D6F2D42CEDD /* OutputManaging.swift in Sources */,
				0B40562C1E761FAA2AD4CCAE /* OutputMode.swift in Sources */,
				052A16321B04F62C4A78FC99 /* RecognitionEvent.swift in Sources */,
				A545B0010DBEB690DCB7E6E2 /* SessionManager.swift in Sources */,
				5708E099C54A9FB745CD2EC1 /* SessionMonitoring.swift in Sources */,
				2B35717DA6411E881447A3E8 /* SessionMonitoringService.swift in Sources */,
				11FE8E3B330EE2ACEAAF09E2 /* SessionState.swift in Sources */,
				B25A2B10C6906684172340BF /* SettingsView.swift in Sources */,
				B2BB47965AB47338E4B64418 /* SpeechRecognitionAdapting.swift in Sources */,
				E95FEACC830651D7DF4009BC /* SpeechRecognitionService.swift in Sources */,
				D9C5F978AD02FB264AE19A31 /* SpeechRecognizing.swift in Sources */,
				7AE49779DA672DFD5251D9D2 /* TextPostprocessing.swift in Sources */,
				C583092BF008DA651CDD6FC4 /* TextPostprocessor.swift in Sources */,
				F89BFA8C4AB507E9C1388AA6 /* WhisperKitAdapter.swift in Sources */,
				43C74C7D6753E45371D47173 /* WhisperModel.swift in Sources */,
			);
			runOnlyForDeploymentPostprocessing = 0;
		};
		B498A317F7F766D11A5A8159 /* Sources */ = {
			isa = PBXSourcesBuildPhase;
			buildActionMask = 2147483647;
			files = (
				45E542E5E74D5814693904B6 /* AppSettingsTests.swift in Sources */,
				023CF6E9EF289FFEE6E773EC /* AudioCaptureServiceTests.swift in Sources */,
				69EBC15318A7A3C85C2AE1BE /* AudioPreprocessorTests.swift in Sources */,
				251A054F13C009419A5D2CA4 /* EscapeKeyCancelIntegrationTests.swift in Sources */,
				F2DFFDFA5D01526E0FD5FF59 /* FeedbackBarWindowControllerTests.swift in Sources */,
				9A1361D1428C7264FAD5D65E /* MockAudioCaptureService.swift in Sources */,
				22C80ABB9E8DB2F7084CB805 /* MockAudioPreprocessor.swift in Sources */,
				9A97EAB982046264987BEAA2 /* MockClipboardService.swift in Sources */,
				7A0C2A342BE0E488E3BEE230 /* MockEscapeKeyMonitor.swift in Sources */,
				BAAD6B03864F546F3E3367ED /* MockNotificationService.swift in Sources */,
				4A08E8F56B25D0EF716AB777 /* MockOutputManager.swift in Sources */,
				4FD8F7E55BDC20972BB6F969 /* MockSessionMonitoringService.swift in Sources */,
				07FA9937DBFA3DDE8787693A /* MockSpeechRecognitionAdapter.swift in Sources */,
				03B762943B04FBA12F3D7CA4 /* MockSpeechRecognitionService.swift in Sources */,
				780CB8A2F76DD326232748E4 /* MockTextPostprocessor.swift in Sources */,
				723DB1904E5938F1E2B87FFD /* ModelsTests.swift in Sources */,
				90335A7F92C4230B3F1323F1 /* NotificationServiceTests.swift in Sources */,
				141BB489588E01D5C1BFDFDE /* OutputManagerTests.swift in Sources */,
				E14B97AA9E10BA2B27CBF008 /* SessionManagerTests.swift in Sources */,
				4FF9A1D4F54FEFFAD14763D7 /* SessionMonitoringServiceTests.swift in Sources */,
				38D05F27F1E438EECA7E9594 /* SpeechRecognitionServiceTests.swift in Sources */,
				20A34326CF4EAED63E7B300B /* TextPostprocessorTests.swift in Sources */,
				5C526806294B2ECDC2492EFE /* WhisperModelTests.swift in Sources */,
			);
			runOnlyForDeploymentPostprocessing = 0;
		};
/* End PBXSourcesBuildPhase section */

/* Begin PBXTargetDependency section */
		881492C2D3CB5DCA378AA1C7 /* PBXTargetDependency */ = {
			isa = PBXTargetDependency;
			target = 67D65CF044EDBDE78E4B5809 /* Kuchibi */;
			targetProxy = 553A32D73912D97DA25749A0 /* PBXContainerItemProxy */;
		};
/* End PBXTargetDependency section */

/* Begin XCBuildConfiguration section */
		1DF971EC9FB576681CA56E3A /* Debug */ = {
			isa = XCBuildConfiguration;
			buildSettings = {
				BUNDLE_LOADER = "$(TEST_HOST)";
				COMBINE_HIDPI_IMAGES = YES;
				GENERATE_INFOPLIST_FILE = YES;
				LD_RUNPATH_SEARCH_PATHS = (
					"$(inherited)",
					"@executable_path/../Frameworks",
					"@loader_path/../Frameworks",
				);
				PRODUCT_BUNDLE_IDENTIFIER = com.kuchibi.KuchibiTests;
				SDKROOT = macosx;
				TEST_HOST = "$(BUILT_PRODUCTS_DIR)/Kuchibi.app/Contents/MacOS/Kuchibi";
			};
			name = Debug;
		};
		33CEDFB359D38B9F90D1DCF1 /* Debug */ = {
			isa = XCBuildConfiguration;
			buildSettings = {
				ALWAYS_SEARCH_USER_PATHS = NO;
				CLANG_ANALYZER_NONNULL = YES;
				CLANG_ANALYZER_NUMBER_OBJECT_CONVERSION = YES_AGGRESSIVE;
				CLANG_CXX_LANGUAGE_STANDARD = "gnu++14";
				CLANG_CXX_LIBRARY = "libc++";
				CLANG_ENABLE_MODULES = YES;
				CLANG_ENABLE_OBJC_ARC = YES;
				CLANG_ENABLE_OBJC_WEAK = YES;
				CLANG_WARN_BLOCK_CAPTURE_AUTORELEASING = YES;
				CLANG_WARN_BOOL_CONVERSION = YES;
				CLANG_WARN_COMMA = YES;
				CLANG_WARN_CONSTANT_CONVERSION = YES;
				CLANG_WARN_DEPRECATED_OBJC_IMPLEMENTATIONS = YES;
				CLANG_WARN_DIRECT_OBJC_ISA_USAGE = YES_ERROR;
				CLANG_WARN_DOCUMENTATION_COMMENTS = YES;
				CLANG_WARN_EMPTY_BODY = YES;
				CLANG_WARN_ENUM_CONVERSION = YES;
				CLANG_WARN_INFINITE_RECURSION = YES;
				CLANG_WARN_INT_CONVERSION = YES;
				CLANG_WARN_NON_LITERAL_NULL_CONVERSION = YES;
				CLANG_WARN_OBJC_IMPLICIT_RETAIN_SELF = YES;
				CLANG_WARN_OBJC_LITERAL_CONVERSION = YES;
				CLANG_WARN_OBJC_ROOT_CLASS = YES_ERROR;
				CLANG_WARN_QUOTED_INCLUDE_IN_FRAMEWORK_HEADER = YES;
				CLANG_WARN_RANGE_LOOP_ANALYSIS = YES;
				CLANG_WARN_STRICT_PROTOTYPES = YES;
				CLANG_WARN_SUSPICIOUS_MOVE = YES;
				CLANG_WARN_UNGUARDED_AVAILABILITY = YES_AGGRESSIVE;
				CLANG_WARN_UNREACHABLE_CODE = YES;
				CLANG_WARN__DUPLICATE_METHOD_MATCH = YES;
				COPY_PHASE_STRIP = NO;
				DEBUG_INFORMATION_FORMAT = dwarf;
				ENABLE_STRICT_OBJC_MSGSEND = YES;
				ENABLE_TESTABILITY = YES;
				GCC_C_LANGUAGE_STANDARD = gnu11;
				GCC_DYNAMIC_NO_PIC = NO;
				GCC_NO_COMMON_BLOCKS = YES;
				GCC_OPTIMIZATION_LEVEL = 0;
				GCC_PREPROCESSOR_DEFINITIONS = (
					"$(inherited)",
					"DEBUG=1",
				);
				GCC_WARN_64_TO_32_BIT_CONVERSION = YES;
				GCC_WARN_ABOUT_RETURN_TYPE = YES_ERROR;
				GCC_WARN_UNDECLARED_SELECTOR = YES;
				GCC_WARN_UNINITIALIZED_AUTOS = YES_AGGRESSIVE;
				GCC_WARN_UNUSED_FUNCTION = YES;
				GCC_WARN_UNUSED_VARIABLE = YES;
				MACOSX_DEPLOYMENT_TARGET = 14.0;
				MTL_ENABLE_DEBUG_INFO = INCLUDE_SOURCE;
				MTL_FAST_MATH = YES;
				ONLY_ACTIVE_ARCH = YES;
				PRODUCT_NAME = "$(TARGET_NAME)";
				SDKROOT = macosx;
				SWIFT_ACTIVE_COMPILATION_CONDITIONS = DEBUG;
				SWIFT_OPTIMIZATION_LEVEL = "-Onone";
				SWIFT_VERSION = 5.0;
			};
			name = Debug;
		};
		63F6321CEC506731DF0A8177 /* Release */ = {
			isa = XCBuildConfiguration;
			buildSettings = {
				ASSETCATALOG_COMPILER_APPICON_NAME = AppIcon;
				COMBINE_HIDPI_IMAGES = YES;
				INFOPLIST_FILE = Sources/Info.plist;
				LD_RUNPATH_SEARCH_PATHS = (
					"$(inherited)",
					"@executable_path/../Frameworks",
				);
				PRODUCT_BUNDLE_IDENTIFIER = com.kuchibi.app;
				SDKROOT = macosx;
			};
			name = Release;
		};
		65F37AD3D68C3987F1CE3CA0 /* Release */ = {
			isa = XCBuildConfiguration;
			buildSettings = {
				ALWAYS_SEARCH_USER_PATHS = NO;
				CLANG_ANALYZER_NONNULL = YES;
				CLANG_ANALYZER_NUMBER_OBJECT_CONVERSION = YES_AGGRESSIVE;
				CLANG_CXX_LANGUAGE_STANDARD = "gnu++14";
				CLANG_CXX_LIBRARY = "libc++";
				CLANG_ENABLE_MODULES = YES;
				CLANG_ENABLE_OBJC_ARC = YES;
				CLANG_ENABLE_OBJC_WEAK = YES;
				CLANG_WARN_BLOCK_CAPTURE_AUTORELEASING = YES;
				CLANG_WARN_BOOL_CONVERSION = YES;
				CLANG_WARN_COMMA = YES;
				CLANG_WARN_CONSTANT_CONVERSION = YES;
				CLANG_WARN_DEPRECATED_OBJC_IMPLEMENTATIONS = YES;
				CLANG_WARN_DIRECT_OBJC_ISA_USAGE = YES_ERROR;
				CLANG_WARN_DOCUMENTATION_COMMENTS = YES;
				CLANG_WARN_EMPTY_BODY = YES;
				CLANG_WARN_ENUM_CONVERSION = YES;
				CLANG_WARN_INFINITE_RECURSION = YES;
				CLANG_WARN_INT_CONVERSION = YES;
				CLANG_WARN_NON_LITERAL_NULL_CONVERSION = YES;
				CLANG_WARN_OBJC_IMPLICIT_RETAIN_SELF = YES;
				CLANG_WARN_OBJC_LITERAL_CONVERSION = YES;
				CLANG_WARN_OBJC_ROOT_CLASS = YES_ERROR;
				CLANG_WARN_QUOTED_INCLUDE_IN_FRAMEWORK_HEADER = YES;
				CLANG_WARN_RANGE_LOOP_ANALYSIS = YES;
				CLANG_WARN_STRICT_PROTOTYPES = YES;
				CLANG_WARN_SUSPICIOUS_MOVE = YES;
				CLANG_WARN_UNGUARDED_AVAILABILITY = YES_AGGRESSIVE;
				CLANG_WARN_UNREACHABLE_CODE = YES;
				CLANG_WARN__DUPLICATE_METHOD_MATCH = YES;
				COPY_PHASE_STRIP = NO;
				DEBUG_INFORMATION_FORMAT = "dwarf-with-dsym";
				ENABLE_NS_ASSERTIONS = NO;
				ENABLE_STRICT_OBJC_MSGSEND = YES;
				GCC_C_LANGUAGE_STANDARD = gnu11;
				GCC_NO_COMMON_BLOCKS = YES;
				GCC_WARN_64_TO_32_BIT_CONVERSION = YES;
				GCC_WARN_ABOUT_RETURN_TYPE = YES_ERROR;
				GCC_WARN_UNDECLARED_SELECTOR = YES;
				GCC_WARN_UNINITIALIZED_AUTOS = YES_AGGRESSIVE;
				GCC_WARN_UNUSED_FUNCTION = YES;
				GCC_WARN_UNUSED_VARIABLE = YES;
				MACOSX_DEPLOYMENT_TARGET = 14.0;
				MTL_ENABLE_DEBUG_INFO = NO;
				MTL_FAST_MATH = YES;
				PRODUCT_NAME = "$(TARGET_NAME)";
				SDKROOT = macosx;
				SWIFT_COMPILATION_MODE = wholemodule;
				SWIFT_OPTIMIZATION_LEVEL = "-O";
				SWIFT_VERSION = 5.0;
			};
			name = Release;
		};
		8E2DAC8838FE5A9228B3D7A9 /* Release */ = {
			isa = XCBuildConfiguration;
			buildSettings = {
				BUNDLE_LOADER = "$(TEST_HOST)";
				COMBINE_HIDPI_IMAGES = YES;
				GENERATE_INFOPLIST_FILE = YES;
				LD_RUNPATH_SEARCH_PATHS = (
					"$(inherited)",
					"@executable_path/../Frameworks",
					"@loader_path/../Frameworks",
				);
				PRODUCT_BUNDLE_IDENTIFIER = com.kuchibi.KuchibiTests;
				SDKROOT = macosx;
				TEST_HOST = "$(BUILT_PRODUCTS_DIR)/Kuchibi.app/Contents/MacOS/Kuchibi";
			};
			name = Release;
		};
		B9A6984ACD5B32EF5B1B496B /* Debug */ = {
			isa = XCBuildConfiguration;
			buildSettings = {
				ASSETCATALOG_COMPILER_APPICON_NAME = AppIcon;
				COMBINE_HIDPI_IMAGES = YES;
				INFOPLIST_FILE = Sources/Info.plist;
				LD_RUNPATH_SEARCH_PATHS = (
					"$(inherited)",
					"@executable_path/../Frameworks",
				);
				PRODUCT_BUNDLE_IDENTIFIER = com.kuchibi.app;
				SDKROOT = macosx;
			};
			name = Debug;
		};
/* End XCBuildConfiguration section */

/* Begin XCConfigurationList section */
		7746F260D2DE8D1F571B6C2B /* Build configuration list for PBXProject "Kuchibi" */ = {
			isa = XCConfigurationList;
			buildConfigurations = (
				33CEDFB359D38B9F90D1DCF1 /* Debug */,
				65F37AD3D68C3987F1CE3CA0 /* Release */,
			);
			defaultConfigurationIsVisible = 0;
			defaultConfigurationName = Debug;
		};
		82D10357708499FF2EC5D4D6 /* Build configuration list for PBXNativeTarget "Kuchibi" */ = {
			isa = XCConfigurationList;
			buildConfigurations = (
				B9A6984ACD5B32EF5B1B496B /* Debug */,
				63F6321CEC506731DF0A8177 /* Release */,
			);
			defaultConfigurationIsVisible = 0;
			defaultConfigurationName = Debug;
		};
		FC62B00ED2638A21C0EF9544 /* Build configuration list for PBXNativeTarget "KuchibiTests" */ = {
			isa = XCConfigurationList;
			buildConfigurations = (
				1DF971EC9FB576681CA56E3A /* Debug */,
				8E2DAC8838FE5A9228B3D7A9 /* Release */,
			);
			defaultConfigurationIsVisible = 0;
			defaultConfigurationName = Debug;
		};
/* End XCConfigurationList section */

/* Begin XCRemoteSwiftPackageReference section */
		0AE32D4B25538CF295968335 /* XCRemoteSwiftPackageReference "WhisperKit" */ = {
			isa = XCRemoteSwiftPackageReference;
			repositoryURL = "https://github.com/argmaxinc/WhisperKit.git";
			requirement = {
				kind = upToNextMajorVersion;
				minimumVersion = 0.9.0;
			};
		};
		4D183F5E172D1CE1DCCC3B33 /* XCRemoteSwiftPackageReference "SettingsAccess" */ = {
			isa = XCRemoteSwiftPackageReference;
			repositoryURL = "https://github.com/orchetect/SettingsAccess";
			requirement = {
				kind = upToNextMajorVersion;
				minimumVersion = 2.1.0;
			};
		};
		BEB727BF0A9FD067B3D4C160 /* XCRemoteSwiftPackageReference "HotKey" */ = {
			isa = XCRemoteSwiftPackageReference;
			repositoryURL = "https://github.com/soffes/HotKey";
			requirement = {
				kind = upToNextMajorVersion;
				minimumVersion = 0.2.0;
			};
		};
/* End XCRemoteSwiftPackageReference section */

/* Begin XCSwiftPackageProductDependency section */
		23C80BB8E405997E0DDCE7C4 /* WhisperKit */ = {
			isa = XCSwiftPackageProductDependency;
			package = 0AE32D4B25538CF295968335 /* XCRemoteSwiftPackageReference "WhisperKit" */;
			productName = WhisperKit;
		};
		3A3BDC62E8812110D2FE49BF /* SettingsAccess */ = {
			isa = XCSwiftPackageProductDependency;
			package = 4D183F5E172D1CE1DCCC3B33 /* XCRemoteSwiftPackageReference "SettingsAccess" */;
			productName = SettingsAccess;
		};
		C51938C3B8E29F96DA379568 /* HotKey */ = {
			isa = XCSwiftPackageProductDependency;
			package = BEB727BF0A9FD067B3D4C160 /* XCRemoteSwiftPackageReference "HotKey" */;
			productName = HotKey;
		};
/* End XCSwiftPackageProductDependency section */
	};
	rootObject = 8CD8E5CD07533A0490F96182 /* Project object */;
}
